
Microsoft Visual Studio Solution File, Format Version 12.00
# Visual Studio Version 16
VisualStudioVersion = 16.0.30907.101
MinimumVisualStudioVersion = 10.0.40219.1
Project("{9A19103F-16F7-4668-BE54-9A1E7A4F7556}") = "TaxCalculator", "TaxCalculator\TaxCalculator.csproj", "{0A7B1273-F8D0-4558-B0E3-F00F598BFC40}"
EndProject
Project("{9A19103F-16F7-4668-BE54-9A1E7A4F7556}") = "Core", "Core\Core\Core.csproj", "{4B8C3BBC-910B-4F87-966A-034714C2A3DD}"
EndProject
Project("{9A19103F-16F7-4668-BE54-9A1E7A4F7556}") = "Data", "Data\Data\Data.csproj", "{BE1B2554-2392-4516-B839-BB65752B9CB3}"
EndProject
Global
	GlobalSection(SolutionConfigurationPlatforms) = preSolution
		Debug|Any CPU = Debug|Any CPU
		Release|Any CPU = Release|Any CPU
	EndGlobalSection
	GlobalSection(ProjectConfigurationPlatforms) = postSolution
		{0A7B1273-F8D0-4558-B0E3-F00F598BFC40}.Debug|Any CPU.ActiveCfg = Debug|Any CPU
		{0A7B1273-F8D0-4558-B0E3-F00F598BFC40}.Debug|Any CPU.Build.0 = Debug|Any CPU
		{0A7B1273-F8D0-4558-B0E3-F00F598BFC40}.Release|Any CPU.ActiveCfg = Release|Any CPU
		{0A7B1273-F8D0-4558-B0E3-F00F598BFC40}.Release|Any CPU.Build.0 = Release|Any CPU
		{4B8C3BBC-910B-4F87-966A-034714C2A3DD}.Debug|Any CPU.ActiveCfg = Debug|Any CPU
		{4B8C3BBC-910B-4F87-966A-034714C2A3DD}.Debug|Any CPU.Build.0 = Debug|Any CPU
		{4B8C3BBC-910B-4F87-966A-034714C2A3DD}.Release|Any CPU.ActiveCfg = Release|Any CPU
		{4B8C3BBC-910B-4F87-966A-034714C2A3DD}.Release|Any CPU.Build.0 = Release|Any CPU
		{BE1B2554-2392-4516-B839-BB65752B9CB3}.Debug|Any CPU.ActiveCfg = Debug|Any CPU
		{BE1B2554-2392-4516-B839-BB65752B9CB3}.Debug|Any CPU.Build.0 = Debug|Any CPU
		{BE1B2554-2392-4516-B839-BB65752B9CB3}.Release|Any CPU.ActiveCfg = Release|Any CPU
		{BE1B2554-2392-4516-B839-BB65752B9CB3}.Release|Any CPU.Build.0 = Release|Any CPU
	EndGlobalSection
	GlobalSection(SolutionProperties) = preSolution
		HideSolutionNode = FALSE
	EndGlobalSection
	GlobalSection(ExtensibilityGlobals) = postSolution
		SolutionGuid = {A571FEEA-C46D-4F30-85A1-1011925D5C8C}
	EndGlobalSection
EndGlobal
